
Microsoft Visual Studio Solution File, Format Version 12.00
# Visual Studio Version 17
VisualStudioVersion = 17.10.35013.160
MinimumVisualStudioVersion = 10.0.40219.1
Project("{FAE04EC0-301F-11D3-BF4B-00C04F79EFBC}") = "PDF viewer", "PDF viewer\PDF viewer.csproj", "{A467E768-D181-4700-B605-00291E6F74AB}"
EndProject
Global
	GlobalSection(SolutionConfigurationPlatforms) = preSolution
		Debug|Any CPU = Debug|Any CPU
		Release|Any CPU = Release|Any CPU
	EndGlobalSection
	GlobalSection(ProjectConfigurationPlatforms) = postSolution
		{A467E768-D181-4700-B605-00291E6F74AB}.Debug|Any CPU.ActiveCfg = Debug|Any CPU
		{A467E768-D181-4700-B605-00291E6F74AB}.Debug|Any CPU.Build.0 = Debug|Any CPU
		{A467E768-D181-4700-B605-00291E6F74AB}.Release|Any CPU.ActiveCfg = Release|Any CPU
		{A467E768-D181-4700-B605-00291E6F74AB}.Release|Any CPU.Build.0 = Release|Any CPU
	EndGlobalSection
	GlobalSection(SolutionProperties) = preSolution
		HideSolutionNode = FALSE
	EndGlobalSection
	GlobalSection(ExtensibilityGlobals) = postSolution
		SolutionGuid = {2589FB13-70BA-4716-9591-267A10D06399}
	EndGlobalSection
EndGlobal
